{
  "requires": true,
  "lockfileVersion": 1,
  "dependencies": {
    "mime": {
      "version": "2.2.0",
      "resolved": "https://registry.npm.taobao.org/mime/download/mime-2.2.0.tgz?cache=0&sync_timestamp=1613584838235&other_urls=https%3A%2F%2Fregistry.npm.taobao.org%2Fmime%2Fdownload%2Fmime-2.2.0.tgz",
      "integrity": "sha1-Fh5UGWVVHTtUn6ERQ5Hjo9Vbkjs="
    },
    "mine": {
      "version": "0.1.0",
      "resolved": "https://registry.nlark.com/mine/download/mine-0.1.0.tgz",
      "integrity": "sha1-kZN1MSFhg9H85JfAHODu9h+Oc9M="
    }
  }
}
