{
  "requires": true,
  "lockfileVersion": 1,
  "dependencies": {
    "accounting": {
      "version": "0.4.1",
      "resolved": "https://registry.npm.taobao.org/accounting/download/accounting-0.4.1.tgz",
      "integrity": "sha1-h91BA+/39EYPHhhvXGd+1s9WaIM="
    },
    "ramda": {
      "version": "file:https:/registry.npm.taobao.org/ramda/download/ramda-0.27.1.tgz?cache=0&sync_timestamp=1596097451701&other_urls=https%3A%2F%2Fregistry.npm.taobao.org%2Framda%2Fdownload%2Framda-0.27.1.tgz"
    }
  }
  
}
